
Microsoft Visual Studio Solution File, Format Version 12.00
# Visual Studio Version 16
VisualStudioVersion = 16.0.30114.105
MinimumVisualStudioVersion = 10.0.40219.1
Project("{FAE04EC0-301F-11D3-BF4B-00C04F79EFBC}") = "LiveWinCounter", "LiveWinCounter.csproj", "{076D4BE9-E50F-407B-A8CD-C680A130871D}"
EndProject
Global
	GlobalSection(SolutionConfigurationPlatforms) = preSolution
		Debug|Any CPU = Debug|Any CPU
		Release|Any CPU = Release|Any CPU
	EndGlobalSection
	GlobalSection(ProjectConfigurationPlatforms) = postSolution
		{076D4BE9-E50F-407B-A8CD-C680A130871D}.Debug|Any CPU.ActiveCfg = Debug|Any CPU
		{076D4BE9-E50F-407B-A8CD-C680A130871D}.Debug|Any CPU.Build.0 = Debug|Any CPU
		{076D4BE9-E50F-407B-A8CD-C680A130871D}.Release|Any CPU.ActiveCfg = Release|Any CPU
		{076D4BE9-E50F-407B-A8CD-C680A130871D}.Release|Any CPU.Build.0 = Release|Any CPU
	EndGlobalSection
	GlobalSection(SolutionProperties) = preSolution
		HideSolutionNode = FALSE
	EndGlobalSection
	GlobalSection(ExtensibilityGlobals) = postSolution
		SolutionGuid = {7B7EC107-16F1-41EF-8C0E-CD369CFA8692}
	EndGlobalSection
EndGlobal
